<?xml version="1.0" encoding="utf-8"?>
<Project ToolsVersion="4.0" xmlns="http://schemas.microsoft.com/developer/msbuild/2003">
  <ItemGroup>
    <Filter Include="code">
      <UniqueIdentifier>{0cd81c04-7d30-4a94-aec6-328718900498}</UniqueIdentifier>
    </Filter>
    <Filter Include="code\animation">
      <UniqueIdentifier>{c1082a7f-7d2b-4ccb-a38c-07fed09dac84}</UniqueIdentifier>
    </Filter>
    <Filter Include="code\audio">
      <UniqueIdentifier>{7c4d0a6b-a21c-4d7f-abda-ad65318b8417}</UniqueIdentifier>
    </Filter>
    <Filter Include="code\render">
      <UniqueIdentifier>{c59ec193-202e-4976-8ba4-6d5f5291302c}</UniqueIdentifier>
    </Filter>
    <Filter Include="code\win32">
      <UniqueIdentifier>{82ad9fab-21ed-4031-a63f-1ec8c7071477}</UniqueIdentifier>
    </Filter>
    <Filter Include="code\util">
      <UniqueIdentifier>{753fff8a-634a-4773-a20f-feaf9cfd6998}</UniqueIdentifier>
    </Filter>
    <Filter Include="code\game">
      <UniqueIdentifier>{4350f4ff-8add-4f19-89c8-a5fb27812f17}</UniqueIdentifier>
    </Filter>
    <Filter Include="code\base">
      <UniqueIdentifier>{1a78e51b-37c9-4640-9d94-d63aaca86a4f}</UniqueIdentifier>
    </Filter>
    <Filter Include="code\asset">
      <UniqueIdentifier>{2943a29e-74bf-4670-9b81-eff0a530404a}</UniqueIdentifier>
    </Filter>
    <Filter Include="code\math">
      <UniqueIdentifier>{b7bebbc9-23b3-4b06-98a0-178c15313b77}</UniqueIdentifier>
    </Filter>
    <Filter Include="code\thread">
      <UniqueIdentifier>{9cb866bc-3cd5-4b16-9eab-b1856ccddc42}</UniqueIdentifier>
    </Filter>
    <Filter Include="code\network">
      <UniqueIdentifier>{c756056f-c283-4b41-afba-7642b5851e7f}</UniqueIdentifier>
    </Filter>
    <Filter Include="docs">
      <UniqueIdentifier>{dc582f71-259a-4f71-a8b7-2bdfe5531039}</UniqueIdentifier>
    </Filter>
  </ItemGroup>
  <ItemGroup>
    <ClInclude Include="code\IAnimationEngine.h">
      <Filter>code\animation</Filter>
    </ClInclude>
    <ClInclude Include="code\Camera.h">
      <Filter>code\render</Filter>
    </ClInclude>
    <ClInclude Include="code\FrameBuffer.h">
      <Filter>code\render</Filter>
    </ClInclude>
    <ClInclude Include="code\IRenderingEngine.h">
      <Filter>code\render</Filter>
    </ClInclude>
    <ClInclude Include="code\ISurface.h">
      <Filter>code\render</Filter>
    </ClInclude>
    <ClInclude Include="code\Renderer.h">
      <Filter>code\render</Filter>
    </ClInclude>
    <ClInclude Include="code\win32\DDBuild.h">
      <Filter>code\win32</Filter>
    </ClInclude>
    <ClInclude Include="code\win32\GLContext.h">
      <Filter>code\win32</Filter>
    </ClInclude>
    <ClInclude Include="code\Timer.h">
      <Filter>code\util</Filter>
    </ClInclude>
    <ClInclude Include="code\Game2D.h">
      <Filter>code\game</Filter>
    </ClInclude>
    <ClInclude Include="code\GameBase.h">
      <Filter>code\game</Filter>
    </ClInclude>
    <ClInclude Include="code\GameHeader.h">
      <Filter>code\game</Filter>
    </ClInclude>
    <ClInclude Include="code\IApplicationEngine.h">
      <Filter>code\game</Filter>
    </ClInclude>
    <ClInclude Include="code\IScreen.h">
      <Filter>code\game</Filter>
    </ClInclude>
    <ClInclude Include="code\DDHeader.h">
      <Filter>code\base</Filter>
    </ClInclude>
    <ClInclude Include="code\IResourceManager.h">
      <Filter>code\asset</Filter>
    </ClInclude>
    <ClInclude Include="code\Box.h">
      <Filter>code\math</Filter>
    </ClInclude>
    <ClInclude Include="code\Matrix.h">
      <Filter>code\math</Filter>
    </ClInclude>
    <ClInclude Include="code\Quaternion.h">
      <Filter>code\math</Filter>
    </ClInclude>
    <ClInclude Include="code\Vector.h">
      <Filter>code\math</Filter>
    </ClInclude>
    <ClInclude Include="code\IMutex.h">
      <Filter>code\thread</Filter>
    </ClInclude>
    <ClInclude Include="code\Lock.h">
      <Filter>code\thread</Filter>
    </ClInclude>
    <ClInclude Include="code\Mutex.h">
      <Filter>code\thread</Filter>
    </ClInclude>
    <ClInclude Include="code\Thread.h">
      <Filter>code\thread</Filter>
    </ClInclude>
    <ClInclude Include="code\ThreadUtil.h">
      <Filter>code\thread</Filter>
    </ClInclude>
    <ClInclude Include="code\UploadThread.h">
      <Filter>code\network</Filter>
    </ClInclude>
    <ClInclude Include="code\WebRequest.h">
      <Filter>code\network</Filter>
    </ClInclude>
    <ClInclude Include="code\WebRequestThreaded.h">
      <Filter>code\network</Filter>
    </ClInclude>
  </ItemGroup>
  <ItemGroup>
    <ClCompile Include="code\Camera.cpp">
      <Filter>code\render</Filter>
    </ClCompile>
    <ClCompile Include="code\FrameBuffer.cpp">
      <Filter>code\render</Filter>
    </ClCompile>
    <ClCompile Include="code\Renderer.cpp">
      <Filter>code\render</Filter>
    </ClCompile>
    <ClCompile Include="code\RenderingEngineES1.cpp">
      <Filter>code\render</Filter>
    </ClCompile>
    <ClCompile Include="code\win32\GLContext.cpp">
      <Filter>code\win32</Filter>
    </ClCompile>
    <ClCompile Include="code\Timer.cpp">
      <Filter>code\util</Filter>
    </ClCompile>
    <ClCompile Include="code\ApplicationEngine.cpp">
      <Filter>code\game</Filter>
    </ClCompile>
    <ClCompile Include="code\Game2D.cpp">
      <Filter>code\game</Filter>
    </ClCompile>
    <ClCompile Include="code\GameBase.cpp">
      <Filter>code\game</Filter>
    </ClCompile>
    <ClCompile Include="code\Scene.cpp">
      <Filter>code\game</Filter>
    </ClCompile>
    <ClCompile Include="code\Mutex.cpp">
      <Filter>code\thread</Filter>
    </ClCompile>
    <ClCompile Include="code\Thread.cpp">
      <Filter>code\thread</Filter>
    </ClCompile>
    <ClCompile Include="code\ThreadUtil.cpp">
      <Filter>code\thread</Filter>
    </ClCompile>
    <ClCompile Include="code\UploadThread.cpp">
      <Filter>code\network</Filter>
    </ClCompile>
    <ClCompile Include="code\WebRequestThreaded.cpp">
      <Filter>code\network</Filter>
    </ClCompile>
  </ItemGroup>
  <ItemGroup>
    <None Include="code\ResourceManager.mm">
      <Filter>code\asset</Filter>
    </None>
    <None Include="code\WebRequest.mm">
      <Filter>code\network</Filter>
    </None>
    <None Include="code\WebRequestThreaded.mm">
      <Filter>code\network</Filter>
    </None>
  </ItemGroup>
</Project>